
Microsoft Visual Studio Solution File, Format Version 12.00
# Visual Studio Version 16
VisualStudioVersion = 16.0.30804.86
MinimumVisualStudioVersion = 10.0.40219.1
Project("{9A19103F-16F7-4668-BE54-9A1E7A4F7556}") = "ASPex1", "ASPex1.csproj", "{DE6CB061-46FB-4CE9-A81A-DEA2AA6F79E8}"
EndProject
Project("{9A19103F-16F7-4668-BE54-9A1E7A4F7556}") = "Client", "..\Client\Client.csproj", "{B060E42C-2673-4D99-A97B-DCD6A8A5486D}"
EndProject
Project("{FAE04EC0-301F-11D3-BF4B-00C04F79EFBC}") = "ServerMySQL", "..\ServerMySQL\ServerMySQL.csproj", "{49A837EC-75BC-4368-8E33-6FA3DFE305AC}"
EndProject
Global
	GlobalSection(SolutionConfigurationPlatforms) = preSolution
		Debug|Any CPU = Debug|Any CPU
		Release|Any CPU = Release|Any CPU
	EndGlobalSection
	GlobalSection(ProjectConfigurationPlatforms) = postSolution
		{DE6CB061-46FB-4CE9-A81A-DEA2AA6F79E8}.Debug|Any CPU.ActiveCfg = Debug|Any CPU
		{DE6CB061-46FB-4CE9-A81A-DEA2AA6F79E8}.Debug|Any CPU.Build.0 = Debug|Any CPU
		{DE6CB061-46FB-4CE9-A81A-DEA2AA6F79E8}.Release|Any CPU.ActiveCfg = Release|Any CPU
		{DE6CB061-46FB-4CE9-A81A-DEA2AA6F79E8}.Release|Any CPU.Build.0 = Release|Any CPU
		{B060E42C-2673-4D99-A97B-DCD6A8A5486D}.Debug|Any CPU.ActiveCfg = Debug|Any CPU
		{B060E42C-2673-4D99-A97B-DCD6A8A5486D}.Debug|Any CPU.Build.0 = Debug|Any CPU
		{B060E42C-2673-4D99-A97B-DCD6A8A5486D}.Release|Any CPU.ActiveCfg = Release|Any CPU
		{B060E42C-2673-4D99-A97B-DCD6A8A5486D}.Release|Any CPU.Build.0 = Release|Any CPU
		{49A837EC-75BC-4368-8E33-6FA3DFE305AC}.Debug|Any CPU.ActiveCfg = Debug|Any CPU
		{49A837EC-75BC-4368-8E33-6FA3DFE305AC}.Debug|Any CPU.Build.0 = Debug|Any CPU
		{49A837EC-75BC-4368-8E33-6FA3DFE305AC}.Release|Any CPU.ActiveCfg = Release|Any CPU
		{49A837EC-75BC-4368-8E33-6FA3DFE305AC}.Release|Any CPU.Build.0 = Release|Any CPU
	EndGlobalSection
	GlobalSection(SolutionProperties) = preSolution
		HideSolutionNode = FALSE
	EndGlobalSection
	GlobalSection(ExtensibilityGlobals) = postSolution
		SolutionGuid = {C2174329-BBA3-4A6C-9E4E-4A53FC69355A}
	EndGlobalSection
EndGlobal
